
Microsoft Visual Studio Solution File, Format Version 12.00
# Visual Studio Version 17
VisualStudioVersion = 17.13.35825.156 d17.13
MinimumVisualStudioVersion = 10.0.40219.1
Project("{FAE04EC0-301F-11D3-BF4B-00C04F79EFBC}") = "HideForestKiosk", "HideForestKiosk\HideForestKiosk.csproj", "{C2B7A944-90BC-42D3-A3A6-050219974D66}"
EndProject
Global
	GlobalSection(SolutionConfigurationPlatforms) = preSolution
		Debug|Any CPU = Debug|Any CPU
		Release|Any CPU = Release|Any CPU
	EndGlobalSection
	GlobalSection(ProjectConfigurationPlatforms) = postSolution
		{C2B7A944-90BC-42D3-A3A6-050219974D66}.Debug|Any CPU.ActiveCfg = Debug|Any CPU
		{C2B7A944-90BC-42D3-A3A6-050219974D66}.Debug|Any CPU.Build.0 = Debug|Any CPU
		{C2B7A944-90BC-42D3-A3A6-050219974D66}.Release|Any CPU.ActiveCfg = Release|Any CPU
		{C2B7A944-90BC-42D3-A3A6-050219974D66}.Release|Any CPU.Build.0 = Release|Any CPU
	EndGlobalSection
	GlobalSection(SolutionProperties) = preSolution
		HideSolutionNode = FALSE
	EndGlobalSection
	GlobalSection(ExtensibilityGlobals) = postSolution
		SolutionGuid = {66EA8537-D5DF-4BB1-8794-6EDAFD8D96B0}
	EndGlobalSection
EndGlobal
